
Microsoft Visual Studio Solution File, Format Version 12.00
# Visual Studio Version 16
VisualStudioVersion = 16.0.31410.357
MinimumVisualStudioVersion = 10.0.40219.1
Project("{9A19103F-16F7-4668-BE54-9A1E7A4F7556}") = "Riviera.Kavenegar", "Riviera.Kavenegar\Riviera.Kavenegar.csproj", "{A100A192-E760-49B4-8823-779441FE83AA}"
EndProject
Project("{2150E333-8FDC-42A3-9474-1A3956D46DE8}") = "Solution Items", "Solution Items", "{8F17BDD9-E8AF-44BB-8371-5827D6C0AAFF}"
	ProjectSection(SolutionItems) = preProject
		.editorconfig = .editorconfig
		..\README.md = ..\README.md
	EndProjectSection
EndProject
Global
	GlobalSection(SolutionConfigurationPlatforms) = preSolution
		Debug|Any CPU = Debug|Any CPU
		Release|Any CPU = Release|Any CPU
	EndGlobalSection
	GlobalSection(ProjectConfigurationPlatforms) = postSolution
		{A100A192-E760-49B4-8823-779441FE83AA}.Debug|Any CPU.ActiveCfg = Debug|Any CPU
		{A100A192-E760-49B4-8823-779441FE83AA}.Debug|Any CPU.Build.0 = Debug|Any CPU
		{A100A192-E760-49B4-8823-779441FE83AA}.Release|Any CPU.ActiveCfg = Release|Any CPU
		{A100A192-E760-49B4-8823-779441FE83AA}.Release|Any CPU.Build.0 = Release|Any CPU
	EndGlobalSection
	GlobalSection(SolutionProperties) = preSolution
		HideSolutionNode = FALSE
	EndGlobalSection
	GlobalSection(ExtensibilityGlobals) = postSolution
		SolutionGuid = {FCEFF276-B659-439D-A12D-C2B91D07CA7C}
	EndGlobalSection
EndGlobal
